
Microsoft Visual Studio Solution File, Format Version 12.00
# Visual Studio 15
VisualStudioVersion = 15.0.26228.9
MinimumVisualStudioVersion = 10.0.40219.1
Project("{8BC9CEB8-8B4A-11D0-8D11-00A0C91BC942}") = "HubRESTLib", "HubRESTLib\HubRESTLib.vcxproj", "{F320DFA4-AA43-47B9-8D2A-347A20B4A355}"
EndProject
Project("{8BC9CEB8-8B4A-11D0-8D11-00A0C91BC942}") = "HubRESTSample", "HubRESTSample\HubRESTSample.vcxproj", "{03FC5BF9-DCD5-4783-BF35-BF3F9A14157A}"
EndProject
Global
	GlobalSection(SolutionConfigurationPlatforms) = preSolution
		Debug|x64 = Debug|x64
		Debug|x86 = Debug|x86
		Release|x64 = Release|x64
		Release|x86 = Release|x86
	EndGlobalSection
	GlobalSection(ProjectConfigurationPlatforms) = postSolution
		{F320DFA4-AA43-47B9-8D2A-347A20B4A355}.Debug|x64.ActiveCfg = Debug|x64
		{F320DFA4-AA43-47B9-8D2A-347A20B4A355}.Debug|x64.Build.0 = Debug|x64
		{F320DFA4-AA43-47B9-8D2A-347A20B4A355}.Debug|x86.ActiveCfg = Debug|Win32
		{F320DFA4-AA43-47B9-8D2A-347A20B4A355}.Debug|x86.Build.0 = Debug|Win32
		{F320DFA4-AA43-47B9-8D2A-347A20B4A355}.Release|x64.ActiveCfg = Release|x64
		{F320DFA4-AA43-47B9-8D2A-347A20B4A355}.Release|x64.Build.0 = Release|x64
		{F320DFA4-AA43-47B9-8D2A-347A20B4A355}.Release|x86.ActiveCfg = Release|Win32
		{F320DFA4-AA43-47B9-8D2A-347A20B4A355}.Release|x86.Build.0 = Release|Win32
		{03FC5BF9-DCD5-4783-BF35-BF3F9A14157A}.Debug|x64.ActiveCfg = Debug|x64
		{03FC5BF9-DCD5-4783-BF35-BF3F9A14157A}.Debug|x64.Build.0 = Debug|x64
		{03FC5BF9-DCD5-4783-BF35-BF3F9A14157A}.Debug|x86.ActiveCfg = Debug|Win32
		{03FC5BF9-DCD5-4783-BF35-BF3F9A14157A}.Debug|x86.Build.0 = Debug|Win32
		{03FC5BF9-DCD5-4783-BF35-BF3F9A14157A}.Release|x64.ActiveCfg = Release|x64
		{03FC5BF9-DCD5-4783-BF35-BF3F9A14157A}.Release|x64.Build.0 = Release|x64
		{03FC5BF9-DCD5-4783-BF35-BF3F9A14157A}.Release|x86.ActiveCfg = Release|Win32
		{03FC5BF9-DCD5-4783-BF35-BF3F9A14157A}.Release|x86.Build.0 = Release|Win32
	EndGlobalSection
	GlobalSection(SolutionProperties) = preSolution
		HideSolutionNode = FALSE
	EndGlobalSection
EndGlobal
