// !$*UTF8*$!
{
	archiveVersion = 1;
	classes = {
	};
	objectVersion = 46;
	objects = {

/* Begin PBXBuildFile section */
		59A4B8831EBC6AA2005C6DD4 /* AppDelegate.swift in Sources */ = {isa = PBXBuildFile; fileRef = 59A4B8821EBC6AA2005C6DD4 /* AppDelegate.swift */; };
		59A4B8851EBC6AA2005C6DD4 /* ViewController.swift in Sources */ = {isa = PBXBuildFile; fileRef = 59A4B8841EBC6AA2005C6DD4 /* ViewController.swift */; };
		59A4B8871EBC6AA2005C6DD4 /* Assets.xcassets in Resources */ = {isa = PBXBuildFile; fileRef = 59A4B8861EBC6AA2005C6DD4 /* Assets.xcassets */; };
		59A4B88A1EBC6AA2005C6DD4 /* Main.storyboard in Resources */ = {isa = PBXBuildFile; fileRef = 59A4B8881EBC6AA2005C6DD4 /* Main.storyboard */; };
/* End PBXBuildFile section */

/* Begin PBXFileReference section */
		59A4B87F1EBC6AA2005C6DD4 /* RESTTest.app */ = {isa = PBXFileReference; explicitFileType = wrapper.application; includeInIndex = 0; path = RESTTest.app; sourceTree = BUILT_PRODUCTS_DIR; };
		59A4B8821EBC6AA2005C6DD4 /* AppDelegate.swift */ = {isa = PBXFileReference; lastKnownFileType = sourcecode.swift; path = AppDelegate.swift; sourceTree = "<group>"; };
		59A4B8841EBC6AA2005C6DD4 /* ViewController.swift */ = {isa = PBXFileReference; lastKnownFileType = sourcecode.swift; path = ViewController.swift; sourceTree = "<group>"; };
		59A4B8861EBC6AA2005C6DD4 /* Assets.xcassets */ = {isa = PBXFileReference; lastKnownFileType = folder.assetcatalog; path = Assets.xcassets; sourceTree = "<group>"; };
		59A4B8891EBC6AA2005C6DD4 /* Base */ = {isa = PBXFileReference; lastKnownFileType = file.storyboard; name = Base; path = Base.lproj/Main.storyboard; sourceTree = "<group>"; };
		59A4B88B1EBC6AA2005C6DD4 /* Info.plist */ = {isa = PBXFileReference; lastKnownFileType = text.plist.xml; path = Info.plist; sourceTree = "<group>"; };
/* End PBXFileReference section */

/* Begin PBXFrameworksBuildPhase section */
		59A4B87C1EBC6AA2005C6DD4 /* Frameworks */ = {
			isa = PBXFrameworksBuildPhase;
			buildActionMask = 2147483647;
			files = (
			);
			runOnlyForDeploymentPostprocessing = 0;
		};
/* End PBXFrameworksBuildPhase section */

/* Begin PBXGroup section */
		59A4B8761EBC6AA2005C6DD4 = {
			isa = PBXGroup;
			children = (
				59A4B8811EBC6AA2005C6DD4 /* RESTTest */,
				59A4B8801EBC6AA2005C6DD4 /* Products */,
			);
			sourceTree = "<group>";
		};
		59A4B8801EBC6AA2005C6DD4 /* Products */ = {
			isa = PBXGroup;
			children = (
				59A4B87F1EBC6AA2005C6DD4 /* RESTTest.app */,
			);
			name = Products;
			sourceTree = "<group>";
		};
		59A4B8811EBC6AA2005C6DD4 /* RESTTest */ = {
			isa = PBXGroup;
			children = (
				59A4B8821EBC6AA2005C6DD4 /* AppDelegate.swift */,
				59A4B8841EBC6AA2005C6DD4 /* ViewController.swift */,
				59A4B8861EBC6AA2005C6DD4 /* Assets.xcassets */,
				59A4B8881EBC6AA2005C6DD4 /* Main.storyboard */,
				59A4B88B1EBC6AA2005C6DD4 /* Info.plist */,
			);
			path = RESTTest;
			sourceTree = "<group>";
		};
/* End PBXGroup section */

/* Begin PBXNativeTarget section */
		59A4B87E1EBC6AA2005C6DD4 /* RESTTest */ = {
			isa = PBXNativeTarget;
			buildConfigurationList = 59A4B88E1EBC6AA2005C6DD4 /* Build configuration list for PBXNativeTarget "RESTTest" */;
			buildPhases = (
				59A4B87B1EBC6AA2005C6DD4 /* Sources */,
				59A4B87C1EBC6AA2005C6DD4 /* Frameworks */,
				59A4B87D1EBC6AA2005C6DD4 /* Resources */,
			);
			buildRules = (
			);
			dependencies = (
			);
			name = RESTTest;
			productName = RESTTest;
			productReference = 59A4B87F1EBC6AA2005C6DD4 /* RESTTest.app */;
			productType = "com.apple.product-type.application";
		};
/* End PBXNativeTarget section */

/* Begin PBXProject section */
		59A4B8771EBC6AA2005C6DD4 /* Project object */ = {
			isa = PBXProject;
			attributes = {
				LastSwiftUpdateCheck = 0830;
				LastUpgradeCheck = 0830;
				ORGANIZATIONNAME = Plantronics;
				TargetAttributes = {
					59A4B87E1EBC6AA2005C6DD4 = {
						CreatedOnToolsVersion = 8.3.2;
						ProvisioningStyle = Automatic;
					};
				};
			};
			buildConfigurationList = 59A4B87A1EBC6AA2005C6DD4 /* Build configuration list for PBXProject "RESTTest" */;
			compatibilityVersion = "Xcode 3.2";
			developmentRegion = English;
			hasScannedForEncodings = 0;
			knownRegions = (
				en,
				Base,
			);
			mainGroup = 59A4B8761EBC6AA2005C6DD4;
			productRefGroup = 59A4B8801EBC6AA2005C6DD4 /* Products */;
			projectDirPath = "";
			projectRoot = "";
			targets = (
				59A4B87E1EBC6AA2005C6DD4 /* RESTTest */,
			);
		};
/* End PBXProject section */

/* Begin PBXResourcesBuildPhase section */
		59A4B87D1EBC6AA2005C6DD4 /* Resources */ = {
			isa = PBXResourcesBuildPhase;
			buildActionMask = 2147483647;
			files = (
				59A4B8871EBC6AA2005C6DD4 /* Assets.xcassets in Resources */,
				59A4B88A1EBC6AA2005C6DD4 /* Main.storyboard in Resources */,
			);
			runOnlyForDeploymentPostprocessing = 0;
		};
/* End PBXResourcesBuildPhase section */

/* Begin PBXSourcesBuildPhase section */
		59A4B87B1EBC6AA2005C6DD4 /* Sources */ = {
			isa = PBXSourcesBuildPhase;
			buildActionMask = 2147483647;
			files = (
				59A4B8851EBC6AA2005C6DD4 /* ViewController.swift in Sources */,
				59A4B8831EBC6AA2005C6DD4 /* AppDelegate.swift in Sources */,
			);
			runOnlyForDeploymentPostprocessing = 0;
		};
/* End PBXSourcesBuildPhase section */

/* Begin PBXVariantGroup section */
		59A4B8881EBC6AA2005C6DD4 /* Main.storyboard */ = {
			isa = PBXVariantGroup;
			children = (
				59A4B8891EBC6AA2005C6DD4 /* Base */,
			);
			name = Main.storyboard;
			sourceTree = "<group>";
		};
/* End PBXVariantGroup section */

/* Begin XCBuildConfiguration section */
		59A4B88C1EBC6AA2005C6DD4 /* Debug */ = {
			isa = XCBuildConfiguration;
			buildSettings = {
				ALWAYS_SEARCH_USER_PATHS = NO;
				CLANG_ANALYZER_NONNULL = YES;
				CLANG_ANALYZER_NUMBER_OBJECT_CONVERSION = YES_AGGRESSIVE;
				CLANG_CXX_LANGUAGE_STANDARD = "gnu++0x";
				CLANG_CXX_LIBRARY = "libc++";
				CLANG_ENABLE_MODULES = YES;
				CLANG_ENABLE_OBJC_ARC = YES;
				CLANG_WARN_BOOL_CONVERSION = YES;
				CLANG_WARN_CONSTANT_CONVERSION = YES;
				CLANG_WARN_DIRECT_OBJC_ISA_USAGE = YES_ERROR;
				CLANG_WARN_DOCUMENTATION_COMMENTS = YES;
				CLANG_WARN_EMPTY_BODY = YES;
				CLANG_WARN_ENUM_CONVERSION = YES;
				CLANG_WARN_INFINITE_RECURSION = YES;
				CLANG_WARN_INT_CONVERSION = YES;
				CLANG_WARN_OBJC_ROOT_CLASS = YES_ERROR;
				CLANG_WARN_SUSPICIOUS_MOVE = YES;
				CLANG_WARN_UNREACHABLE_CODE = YES;
				CLANG_WARN__DUPLICATE_METHOD_MATCH = YES;
				CODE_SIGN_IDENTITY = "-";
				COPY_PHASE_STRIP = NO;
				DEBUG_INFORMATION_FORMAT = dwarf;
				ENABLE_STRICT_OBJC_MSGSEND = YES;
				ENABLE_TESTABILITY = YES;
				GCC_C_LANGUAGE_STANDARD = gnu99;
				GCC_DYNAMIC_NO_PIC = NO;
				GCC_NO_COMMON_BLOCKS = YES;
				GCC_OPTIMIZATION_LEVEL = 0;
				GCC_PREPROCESSOR_DEFINITIONS = (
					"DEBUG=1",
					"$(inherited)",
				);
				GCC_WARN_64_TO_32_BIT_CONVERSION = YES;
				GCC_WARN_ABOUT_RETURN_TYPE = YES_ERROR;
				GCC_WARN_UNDECLARED_SELECTOR = YES;
				GCC_WARN_UNINITIALIZED_AUTOS = YES_AGGRESSIVE;
				GCC_WARN_UNUSED_FUNCTION = YES;
				GCC_WARN_UNUSED_VARIABLE = YES;
				MACOSX_DEPLOYMENT_TARGET = 10.12;
				MTL_ENABLE_DEBUG_INFO = YES;
				ONLY_ACTIVE_ARCH = YES;
				SDKROOT = macosx;
				SWIFT_ACTIVE_COMPILATION_CONDITIONS = DEBUG;
				SWIFT_OPTIMIZATION_LEVEL = "-Onone";
			};
			name = Debug;
		};
		59A4B88D1EBC6AA2005C6DD4 /* Release */ = {
			isa = XCBuildConfiguration;
			buildSettings = {
				ALWAYS_SEARCH_USER_PATHS = NO;
				CLANG_ANALYZER_NONNULL = YES;
				CLANG_ANALYZER_NUMBER_OBJECT_CONVERSION = YES_AGGRESSIVE;
				CLANG_CXX_LANGUAGE_STANDARD = "gnu++0x";
				CLANG_CXX_LIBRARY = "libc++";
				CLANG_ENABLE_MODULES = YES;
				CLANG_ENABLE_OBJC_ARC = YES;
				CLANG_WARN_BOOL_CONVERSION = YES;
				CLANG_WARN_CONSTANT_CONVERSION = YES;
				CLANG_WARN_DIRECT_OBJC_ISA_USAGE = YES_ERROR;
				CLANG_WARN_DOCUMENTATION_COMMENTS = YES;
				CLANG_WARN_EMPTY_BODY = YES;
				CLANG_WARN_ENUM_CONVERSION = YES;
				CLANG_WARN_INFINITE_RECURSION = YES;
				CLANG_WARN_INT_CONVERSION = YES;
				CLANG_WARN_OBJC_ROOT_CLASS = YES_ERROR;
				CLANG_WARN_SUSPICIOUS_MOVE = YES;
				CLANG_WARN_UNREACHABLE_CODE = YES;
				CLANG_WARN__DUPLICATE_METHOD_MATCH = YES;
				CODE_SIGN_IDENTITY = "-";
				COPY_PHASE_STRIP = NO;
				DEBUG_INFORMATION_FORMAT = "dwarf-with-dsym";
				ENABLE_NS_ASSERTIONS = NO;
				ENABLE_STRICT_OBJC_MSGSEND = YES;
				GCC_C_LANGUAGE_STANDARD = gnu99;
				GCC_NO_COMMON_BLOCKS = YES;
				GCC_WARN_64_TO_32_BIT_CONVERSION = YES;
				GCC_WARN_ABOUT_RETURN_TYPE = YES_ERROR;
				GCC_WARN_UNDECLARED_SELECTOR = YES;
				GCC_WARN_UNINITIALIZED_AUTOS = YES_AGGRESSIVE;
				GCC_WARN_UNUSED_FUNCTION = YES;
				GCC_WARN_UNUSED_VARIABLE = YES;
				MACOSX_DEPLOYMENT_TARGET = 10.12;
				MTL_ENABLE_DEBUG_INFO = NO;
				SDKROOT = macosx;
				SWIFT_OPTIMIZATION_LEVEL = "-Owholemodule";
			};
			name = Release;
		};
		59A4B88F1EBC6AA2005C6DD4 /* Debug */ = {
			isa = XCBuildConfiguration;
			buildSettings = {
				ASSETCATALOG_COMPILER_APPICON_NAME = AppIcon;
				COMBINE_HIDPI_IMAGES = YES;
				INFOPLIST_FILE = RESTTest/Info.plist;
				LD_RUNPATH_SEARCH_PATHS = "$(inherited) @executable_path/../Frameworks";
				PRODUCT_BUNDLE_IDENTIFIER = com.Plantronics.RESTTest;
				PRODUCT_NAME = "$(TARGET_NAME)";
				SWIFT_VERSION = 3.0;
			};
			name = Debug;
		};
		59A4B8901EBC6AA2005C6DD4 /* Release */ = {
			isa = XCBuildConfiguration;
			buildSettings = {
				ASSETCATALOG_COMPILER_APPICON_NAME = AppIcon;
				COMBINE_HIDPI_IMAGES = YES;
				INFOPLIST_FILE = RESTTest/Info.plist;
				LD_RUNPATH_SEARCH_PATHS = "$(inherited) @executable_path/../Frameworks";
				PRODUCT_BUNDLE_IDENTIFIER = com.Plantronics.RESTTest;
				PRODUCT_NAME = "$(TARGET_NAME)";
				SWIFT_VERSION = 3.0;
			};
			name = Release;
		};
/* End XCBuildConfiguration section */

/* Begin XCConfigurationList section */
		59A4B87A1EBC6AA2005C6DD4 /* Build configuration list for PBXProject "RESTTest" */ = {
			isa = XCConfigurationList;
			buildConfigurations = (
				59A4B88C1EBC6AA2005C6DD4 /* Debug */,
				59A4B88D1EBC6AA2005C6DD4 /* Release */,
			);
			defaultConfigurationIsVisible = 0;
			defaultConfigurationName = Release;
		};
		59A4B88E1EBC6AA2005C6DD4 /* Build configuration list for PBXNativeTarget "RESTTest" */ = {
			isa = XCConfigurationList;
			buildConfigurations = (
				59A4B88F1EBC6AA2005C6DD4 /* Debug */,
				59A4B8901EBC6AA2005C6DD4 /* Release */,
			);
			defaultConfigurationIsVisible = 0;
		};
/* End XCConfigurationList section */
	};
	rootObject = 59A4B8771EBC6AA2005C6DD4 /* Project object */;
}
